
Microsoft Visual Studio Solution File, Format Version 12.00
# Visual Studio Version 16
VisualStudioVersion = 16.0.30320.27
MinimumVisualStudioVersion = 10.0.40219.1
Project("{FAE04EC0-301F-11D3-BF4B-00C04F79EFBC}") = "PrimeiroSegundoNome", "PrimeiroSegundoNome\PrimeiroSegundoNome.csproj", "{214CF62F-C2D9-4A75-BED5-ED1025DA44A8}"
EndProject
Project("{FAE04EC0-301F-11D3-BF4B-00C04F79EFBC}") = "SalarioFormatadoMoeda", "SalarioFormatadoMoeda\SalarioFormatadoMoeda.csproj", "{328D62AF-AE4E-4C8B-8A42-E74F89EB4F90}"
EndProject
Project("{FAE04EC0-301F-11D3-BF4B-00C04F79EFBC}") = "TempoParaAposentadoria", "TempoParaAposentadoria\TempoParaAposentadoria.csproj", "{6AA645B6-0C8B-4B5F-89F8-F8F78320053E}"
EndProject
Project("{FAE04EC0-301F-11D3-BF4B-00C04F79EFBC}") = "ValorDescontoInss", "ValorDescontoInss\ValorDescontoInss.csproj", "{F0273AC8-EBF1-438C-B180-23B7B29A40A3}"
EndProject
Project("{FAE04EC0-301F-11D3-BF4B-00C04F79EFBC}") = "SalarioLiquidoInss", "SalarioLiquidoInss\SalarioLiquidoInss.csproj", "{13A57941-83E8-4AE2-9456-96F9DA7DE688}"
EndProject
Project("{2150E333-8FDC-42A3-9474-1A3956D46DE8}") = "Exercicio 1", "Exercicio 1", "{450F9F22-737C-4C98-97D3-6FB67B80FB47}"
EndProject
Project("{2150E333-8FDC-42A3-9474-1A3956D46DE8}") = "Exercicio 2", "Exercicio 2", "{74E961C3-0862-4706-A0E2-353487481BAB}"
EndProject
Project("{2150E333-8FDC-42A3-9474-1A3956D46DE8}") = "Exercicio 3", "Exercicio 3", "{1E50D073-478C-46B5-963E-9C0DB23A1A51}"
EndProject
Project("{2150E333-8FDC-42A3-9474-1A3956D46DE8}") = "Exercicio 4", "Exercicio 4", "{EEFF13E6-9142-4650-B3E9-D03E73FE5DE2}"
EndProject
Project("{2150E333-8FDC-42A3-9474-1A3956D46DE8}") = "Exercicio 5", "Exercicio 5", "{311C9BA3-F721-4E05-A9CA-18CD9ADBBD6B}"
EndProject
Project("{2150E333-8FDC-42A3-9474-1A3956D46DE8}") = "Exercicio 6", "Exercicio 6", "{E06F73F0-8BC5-4A55-84AA-D9E0A0EC2E06}"
EndProject
Project("{FAE04EC0-301F-11D3-BF4B-00C04F79EFBC}") = "SalarioLiquidoInssAtribuicaoReduzida", "SalarioLiquidoInssAtribuicaoReduzida\SalarioLiquidoInssAtribuicaoReduzida.csproj", "{E75F3C12-2A75-439F-AE0F-9420426E6A7B}"
EndProject
Project("{2150E333-8FDC-42A3-9474-1A3956D46DE8}") = "Exercicio 7", "Exercicio 7", "{B49ECB15-2017-40B3-883F-E2416F1B48D8}"
EndProject
Project("{FAE04EC0-301F-11D3-BF4B-00C04F79EFBC}") = "IngressosAPagar", "IngressosAPagar\IngressosAPagar.csproj", "{1FEE9F1E-A31F-407C-9236-E242D89342A8}"
EndProject
Project("{2150E333-8FDC-42A3-9474-1A3956D46DE8}") = "Exercicio 8", "Exercicio 8", "{0AECECC9-35DC-48DC-A7E2-294A3B000268}"
EndProject
Project("{FAE04EC0-301F-11D3-BF4B-00C04F79EFBC}") = "LaranjaGratuita", "LaranjaGratuita\LaranjaGratuita.csproj", "{EFF6212E-2267-4B92-805B-B08438E4ADF7}"
EndProject
Global
	GlobalSection(SolutionConfigurationPlatforms) = preSolution
		Debug|Any CPU = Debug|Any CPU
		Release|Any CPU = Release|Any CPU
	EndGlobalSection
	GlobalSection(ProjectConfigurationPlatforms) = postSolution
		{214CF62F-C2D9-4A75-BED5-ED1025DA44A8}.Debug|Any CPU.ActiveCfg = Debug|Any CPU
		{214CF62F-C2D9-4A75-BED5-ED1025DA44A8}.Debug|Any CPU.Build.0 = Debug|Any CPU
		{214CF62F-C2D9-4A75-BED5-ED1025DA44A8}.Release|Any CPU.ActiveCfg = Release|Any CPU
		{214CF62F-C2D9-4A75-BED5-ED1025DA44A8}.Release|Any CPU.Build.0 = Release|Any CPU
		{328D62AF-AE4E-4C8B-8A42-E74F89EB4F90}.Debug|Any CPU.ActiveCfg = Debug|Any CPU
		{328D62AF-AE4E-4C8B-8A42-E74F89EB4F90}.Debug|Any CPU.Build.0 = Debug|Any CPU
		{328D62AF-AE4E-4C8B-8A42-E74F89EB4F90}.Release|Any CPU.ActiveCfg = Release|Any CPU
		{328D62AF-AE4E-4C8B-8A42-E74F89EB4F90}.Release|Any CPU.Build.0 = Release|Any CPU
		{6AA645B6-0C8B-4B5F-89F8-F8F78320053E}.Debug|Any CPU.ActiveCfg = Debug|Any CPU
		{6AA645B6-0C8B-4B5F-89F8-F8F78320053E}.Debug|Any CPU.Build.0 = Debug|Any CPU
		{6AA645B6-0C8B-4B5F-89F8-F8F78320053E}.Release|Any CPU.ActiveCfg = Release|Any CPU
		{6AA645B6-0C8B-4B5F-89F8-F8F78320053E}.Release|Any CPU.Build.0 = Release|Any CPU
		{F0273AC8-EBF1-438C-B180-23B7B29A40A3}.Debug|Any CPU.ActiveCfg = Debug|Any CPU
		{F0273AC8-EBF1-438C-B180-23B7B29A40A3}.Debug|Any CPU.Build.0 = Debug|Any CPU
		{F0273AC8-EBF1-438C-B180-23B7B29A40A3}.Release|Any CPU.ActiveCfg = Release|Any CPU
		{F0273AC8-EBF1-438C-B180-23B7B29A40A3}.Release|Any CPU.Build.0 = Release|Any CPU
		{13A57941-83E8-4AE2-9456-96F9DA7DE688}.Debug|Any CPU.ActiveCfg = Debug|Any CPU
		{13A57941-83E8-4AE2-9456-96F9DA7DE688}.Debug|Any CPU.Build.0 = Debug|Any CPU
		{13A57941-83E8-4AE2-9456-96F9DA7DE688}.Release|Any CPU.ActiveCfg = Release|Any CPU
		{13A57941-83E8-4AE2-9456-96F9DA7DE688}.Release|Any CPU.Build.0 = Release|Any CPU
		{E75F3C12-2A75-439F-AE0F-9420426E6A7B}.Debug|Any CPU.ActiveCfg = Debug|Any CPU
		{E75F3C12-2A75-439F-AE0F-9420426E6A7B}.Debug|Any CPU.Build.0 = Debug|Any CPU
		{E75F3C12-2A75-439F-AE0F-9420426E6A7B}.Release|Any CPU.ActiveCfg = Release|Any CPU
		{E75F3C12-2A75-439F-AE0F-9420426E6A7B}.Release|Any CPU.Build.0 = Release|Any CPU
		{1FEE9F1E-A31F-407C-9236-E242D89342A8}.Debug|Any CPU.ActiveCfg = Debug|Any CPU
		{1FEE9F1E-A31F-407C-9236-E242D89342A8}.Debug|Any CPU.Build.0 = Debug|Any CPU
		{1FEE9F1E-A31F-407C-9236-E242D89342A8}.Release|Any CPU.ActiveCfg = Release|Any CPU
		{1FEE9F1E-A31F-407C-9236-E242D89342A8}.Release|Any CPU.Build.0 = Release|Any CPU
		{EFF6212E-2267-4B92-805B-B08438E4ADF7}.Debug|Any CPU.ActiveCfg = Debug|Any CPU
		{EFF6212E-2267-4B92-805B-B08438E4ADF7}.Debug|Any CPU.Build.0 = Debug|Any CPU
		{EFF6212E-2267-4B92-805B-B08438E4ADF7}.Release|Any CPU.ActiveCfg = Release|Any CPU
		{EFF6212E-2267-4B92-805B-B08438E4ADF7}.Release|Any CPU.Build.0 = Release|Any CPU
	EndGlobalSection
	GlobalSection(SolutionProperties) = preSolution
		HideSolutionNode = FALSE
	EndGlobalSection
	GlobalSection(NestedProjects) = preSolution
		{214CF62F-C2D9-4A75-BED5-ED1025DA44A8} = {450F9F22-737C-4C98-97D3-6FB67B80FB47}
		{328D62AF-AE4E-4C8B-8A42-E74F89EB4F90} = {74E961C3-0862-4706-A0E2-353487481BAB}
		{6AA645B6-0C8B-4B5F-89F8-F8F78320053E} = {1E50D073-478C-46B5-963E-9C0DB23A1A51}
		{F0273AC8-EBF1-438C-B180-23B7B29A40A3} = {EEFF13E6-9142-4650-B3E9-D03E73FE5DE2}
		{13A57941-83E8-4AE2-9456-96F9DA7DE688} = {311C9BA3-F721-4E05-A9CA-18CD9ADBBD6B}
		{E75F3C12-2A75-439F-AE0F-9420426E6A7B} = {E06F73F0-8BC5-4A55-84AA-D9E0A0EC2E06}
		{1FEE9F1E-A31F-407C-9236-E242D89342A8} = {B49ECB15-2017-40B3-883F-E2416F1B48D8}
		{EFF6212E-2267-4B92-805B-B08438E4ADF7} = {0AECECC9-35DC-48DC-A7E2-294A3B000268}
	EndGlobalSection
	GlobalSection(ExtensibilityGlobals) = postSolution
		SolutionGuid = {992E6E75-F0D0-4129-90C7-37D6BCF6A011}
	EndGlobalSection
EndGlobal
